
Microsoft Visual Studio Solution File, Format Version 12.00
# Visual Studio Version 17
VisualStudioVersion = 17.14.36408.4
MinimumVisualStudioVersion = 10.0.40219.1
Project("{9A19103F-16F7-4668-BE54-9A1E7A4F7556}") = "L1-ThreadClass", "L1-ThreadClass\L1-ThreadClass.csproj", "{492825D6-609B-4A25-B233-2885352F9DAA}"
EndProject
Project("{9A19103F-16F7-4668-BE54-9A1E7A4F7556}") = "L2-ThreadSyncAndBlockingSync", "L2-ThreadSyncAndBlockingSync\L2-ThreadSyncAndBlockingSync.csproj", "{E7B48F96-F738-4BF9-8D16-29584AF8BFC2}"
EndProject
Project("{9A19103F-16F7-4668-BE54-9A1E7A4F7556}") = "L3-TS-SemaphoreAndSemaphoreSlim", "L3-TS-SemaphoreAndSemaphoreSlim\L3-TS-SemaphoreAndSemaphoreSlim.csproj", "{3DA5C347-8493-418C-ACDD-79FD5E01167D}"
EndProject
Project("{FAE04EC0-301F-11D3-BF4B-00C04F79EFBC}") = "L4-TS-NonBlockingSync", "L4-TS-NonBlockingSync\L4-TS-NonBlockingSync.csproj", "{75234E8B-6B55-4DBE-8FE5-2FA9AC193466}"
EndProject
Project("{FAE04EC0-301F-11D3-BF4B-00C04F79EFBC}") = "L5-TS-Interlocked-MemoryBarrier", "L5-TS-Interlocked-MemoryBarrier\L5-TS-Interlocked-MemoryBarrier.csproj", "{611A817F-372D-4FD3-AD8F-6164983239D2}"
EndProject
Project("{FAE04EC0-301F-11D3-BF4B-00C04F79EFBC}") = "L6-TS-SpinLock-SpinWait", "L6-TS-SpinLock-SpinWait\L6-TS-SpinLock-SpinWait.csproj", "{21C535BA-8104-4259-8115-B6138D75AEB5}"
EndProject
Project("{FAE04EC0-301F-11D3-BF4B-00C04F79EFBC}") = "L7-TS-ReaderWriterLock-ReaderWriterLockSlim", "L7-TS-ReaderWriterLock-ReaderWriterLockSlim\L7-TS-ReaderWriterLock-ReaderWriterLockSlim.csproj", "{644D8115-D4B9-47B9-B7D2-8181201AF416}"
EndProject
Project("{FAE04EC0-301F-11D3-BF4B-00C04F79EFBC}") = "L8-TS-Signalling", "L8-TS-Signalling\L8-TS-Signalling.csproj", "{F778F718-7C8C-41EF-B952-A12B060238F3}"
EndProject
Project("{FAE04EC0-301F-11D3-BF4B-00C04F79EFBC}") = "L9-ThreadPool-WaitHandle", "L9-ThreadPool-WaitHandle\L9-ThreadPool-WaitHandle.csproj", "{7AFCFB26-57FD-4779-82F4-444A155098C0}"
EndProject
Project("{FAE04EC0-301F-11D3-BF4B-00C04F79EFBC}") = "LS-10-TS-Barrier-Class", "LS-10-TS-Barrier-Class\LS-10-TS-Barrier-Class.csproj", "{258F9AAF-11A0-4D5A-BF7D-20D44953C299}"
EndProject
Project("{FAE04EC0-301F-11D3-BF4B-00C04F79EFBC}") = "LS-11-Thread-Local-Storage(TLS)", "LS-11-Thread-Local-Storage(TLS)\LS-11-Thread-Local-Storage(TLS).csproj", "{A5F81B4B-E90A-424A-9199-03E58F773D86}"
EndProject
Project("{FAE04EC0-301F-11D3-BF4B-00C04F79EFBC}") = "LS-12-Timers", "LS-12-Timers\LS-12-Timers.csproj", "{2CB8ADC4-0B02-480F-81C3-92A7C228597F}"
EndProject
Project("{FAE04EC0-301F-11D3-BF4B-00C04F79EFBC}") = "LS-13-Task-Class", "LS-13-Task-Class\LS-13-Task-Class.csproj", "{1E501E71-DA9E-4D8C-AF89-DBBA0465817B}"
EndProject
Global
	GlobalSection(SolutionConfigurationPlatforms) = preSolution
		Debug|Any CPU = Debug|Any CPU
		Release|Any CPU = Release|Any CPU
	EndGlobalSection
	GlobalSection(ProjectConfigurationPlatforms) = postSolution
		{492825D6-609B-4A25-B233-2885352F9DAA}.Debug|Any CPU.ActiveCfg = Debug|Any CPU
		{492825D6-609B-4A25-B233-2885352F9DAA}.Debug|Any CPU.Build.0 = Debug|Any CPU
		{492825D6-609B-4A25-B233-2885352F9DAA}.Release|Any CPU.ActiveCfg = Release|Any CPU
		{492825D6-609B-4A25-B233-2885352F9DAA}.Release|Any CPU.Build.0 = Release|Any CPU
		{E7B48F96-F738-4BF9-8D16-29584AF8BFC2}.Debug|Any CPU.ActiveCfg = Debug|Any CPU
		{E7B48F96-F738-4BF9-8D16-29584AF8BFC2}.Debug|Any CPU.Build.0 = Debug|Any CPU
		{E7B48F96-F738-4BF9-8D16-29584AF8BFC2}.Release|Any CPU.ActiveCfg = Release|Any CPU
		{E7B48F96-F738-4BF9-8D16-29584AF8BFC2}.Release|Any CPU.Build.0 = Release|Any CPU
		{3DA5C347-8493-418C-ACDD-79FD5E01167D}.Debug|Any CPU.ActiveCfg = Debug|Any CPU
		{3DA5C347-8493-418C-ACDD-79FD5E01167D}.Debug|Any CPU.Build.0 = Debug|Any CPU
		{3DA5C347-8493-418C-ACDD-79FD5E01167D}.Release|Any CPU.ActiveCfg = Release|Any CPU
		{3DA5C347-8493-418C-ACDD-79FD5E01167D}.Release|Any CPU.Build.0 = Release|Any CPU
		{75234E8B-6B55-4DBE-8FE5-2FA9AC193466}.Debug|Any CPU.ActiveCfg = Debug|Any CPU
		{75234E8B-6B55-4DBE-8FE5-2FA9AC193466}.Debug|Any CPU.Build.0 = Debug|Any CPU
		{75234E8B-6B55-4DBE-8FE5-2FA9AC193466}.Release|Any CPU.ActiveCfg = Release|Any CPU
		{75234E8B-6B55-4DBE-8FE5-2FA9AC193466}.Release|Any CPU.Build.0 = Release|Any CPU
		{611A817F-372D-4FD3-AD8F-6164983239D2}.Debug|Any CPU.ActiveCfg = Debug|Any CPU
		{611A817F-372D-4FD3-AD8F-6164983239D2}.Debug|Any CPU.Build.0 = Debug|Any CPU
		{611A817F-372D-4FD3-AD8F-6164983239D2}.Release|Any CPU.ActiveCfg = Release|Any CPU
		{611A817F-372D-4FD3-AD8F-6164983239D2}.Release|Any CPU.Build.0 = Release|Any CPU
		{21C535BA-8104-4259-8115-B6138D75AEB5}.Debug|Any CPU.ActiveCfg = Debug|Any CPU
		{21C535BA-8104-4259-8115-B6138D75AEB5}.Debug|Any CPU.Build.0 = Debug|Any CPU
		{21C535BA-8104-4259-8115-B6138D75AEB5}.Release|Any CPU.ActiveCfg = Release|Any CPU
		{21C535BA-8104-4259-8115-B6138D75AEB5}.Release|Any CPU.Build.0 = Release|Any CPU
		{644D8115-D4B9-47B9-B7D2-8181201AF416}.Debug|Any CPU.ActiveCfg = Debug|Any CPU
		{644D8115-D4B9-47B9-B7D2-8181201AF416}.Debug|Any CPU.Build.0 = Debug|Any CPU
		{644D8115-D4B9-47B9-B7D2-8181201AF416}.Release|Any CPU.ActiveCfg = Release|Any CPU
		{644D8115-D4B9-47B9-B7D2-8181201AF416}.Release|Any CPU.Build.0 = Release|Any CPU
		{F778F718-7C8C-41EF-B952-A12B060238F3}.Debug|Any CPU.ActiveCfg = Debug|Any CPU
		{F778F718-7C8C-41EF-B952-A12B060238F3}.Debug|Any CPU.Build.0 = Debug|Any CPU
		{F778F718-7C8C-41EF-B952-A12B060238F3}.Release|Any CPU.ActiveCfg = Release|Any CPU
		{F778F718-7C8C-41EF-B952-A12B060238F3}.Release|Any CPU.Build.0 = Release|Any CPU
		{7AFCFB26-57FD-4779-82F4-444A155098C0}.Debug|Any CPU.ActiveCfg = Debug|Any CPU
		{7AFCFB26-57FD-4779-82F4-444A155098C0}.Debug|Any CPU.Build.0 = Debug|Any CPU
		{7AFCFB26-57FD-4779-82F4-444A155098C0}.Release|Any CPU.ActiveCfg = Release|Any CPU
		{7AFCFB26-57FD-4779-82F4-444A155098C0}.Release|Any CPU.Build.0 = Release|Any CPU
		{258F9AAF-11A0-4D5A-BF7D-20D44953C299}.Debug|Any CPU.ActiveCfg = Debug|Any CPU
		{258F9AAF-11A0-4D5A-BF7D-20D44953C299}.Debug|Any CPU.Build.0 = Debug|Any CPU
		{258F9AAF-11A0-4D5A-BF7D-20D44953C299}.Release|Any CPU.ActiveCfg = Release|Any CPU
		{258F9AAF-11A0-4D5A-BF7D-20D44953C299}.Release|Any CPU.Build.0 = Release|Any CPU
		{A5F81B4B-E90A-424A-9199-03E58F773D86}.Debug|Any CPU.ActiveCfg = Debug|Any CPU
		{A5F81B4B-E90A-424A-9199-03E58F773D86}.Debug|Any CPU.Build.0 = Debug|Any CPU
		{A5F81B4B-E90A-424A-9199-03E58F773D86}.Release|Any CPU.ActiveCfg = Release|Any CPU
		{A5F81B4B-E90A-424A-9199-03E58F773D86}.Release|Any CPU.Build.0 = Release|Any CPU
		{2CB8ADC4-0B02-480F-81C3-92A7C228597F}.Debug|Any CPU.ActiveCfg = Debug|Any CPU
		{2CB8ADC4-0B02-480F-81C3-92A7C228597F}.Debug|Any CPU.Build.0 = Debug|Any CPU
		{2CB8ADC4-0B02-480F-81C3-92A7C228597F}.Release|Any CPU.ActiveCfg = Release|Any CPU
		{2CB8ADC4-0B02-480F-81C3-92A7C228597F}.Release|Any CPU.Build.0 = Release|Any CPU
		{1E501E71-DA9E-4D8C-AF89-DBBA0465817B}.Debug|Any CPU.ActiveCfg = Debug|Any CPU
		{1E501E71-DA9E-4D8C-AF89-DBBA0465817B}.Debug|Any CPU.Build.0 = Debug|Any CPU
		{1E501E71-DA9E-4D8C-AF89-DBBA0465817B}.Release|Any CPU.ActiveCfg = Release|Any CPU
		{1E501E71-DA9E-4D8C-AF89-DBBA0465817B}.Release|Any CPU.Build.0 = Release|Any CPU
	EndGlobalSection
	GlobalSection(SolutionProperties) = preSolution
		HideSolutionNode = FALSE
	EndGlobalSection
	GlobalSection(ExtensibilityGlobals) = postSolution
		SolutionGuid = {4831FD98-9E17-4689-9096-90D18AD7A2E9}
	EndGlobalSection
EndGlobal
