
Microsoft Visual Studio Solution File, Format Version 12.00
# Visual Studio Version 17
VisualStudioVersion = 17.14.36408.4
MinimumVisualStudioVersion = 10.0.40219.1
Project("{9A19103F-16F7-4668-BE54-9A1E7A4F7556}") = "L1-ThreadClass", "L1-ThreadClass\L1-ThreadClass.csproj", "{492825D6-609B-4A25-B233-2885352F9DAA}"
EndProject
Project("{9A19103F-16F7-4668-BE54-9A1E7A4F7556}") = "L2-ThreadSyncAndBlockingSync", "L2-ThreadSyncAndBlockingSync\L2-ThreadSyncAndBlockingSync.csproj", "{E7B48F96-F738-4BF9-8D16-29584AF8BFC2}"
EndProject
Project("{9A19103F-16F7-4668-BE54-9A1E7A4F7556}") = "L3-TS-SemaphoreAndSemaphoreSlim", "L3-TS-SemaphoreAndSemaphoreSlim\L3-TS-SemaphoreAndSemaphoreSlim.csproj", "{3DA5C347-8493-418C-ACDD-79FD5E01167D}"
EndProject
Project("{FAE04EC0-301F-11D3-BF4B-00C04F79EFBC}") = "L4-TS-NonBlockingSync", "L4-TS-NonBlockingSync\L4-TS-NonBlockingSync.csproj", "{75234E8B-6B55-4DBE-8FE5-2FA9AC193466}"
EndProject
Project("{FAE04EC0-301F-11D3-BF4B-00C04F79EFBC}") = "L5-TS-Interlocked-MemoryBarrier", "L5-TS-Interlocked-MemoryBarrier\L5-TS-Interlocked-MemoryBarrier.csproj", "{611A817F-372D-4FD3-AD8F-6164983239D2}"
EndProject
Project("{FAE04EC0-301F-11D3-BF4B-00C04F79EFBC}") = "L6-TS-SpinLock-SpinWait", "L6-TS-SpinLock-SpinWait\L6-TS-SpinLock-SpinWait.csproj", "{21C535BA-8104-4259-8115-B6138D75AEB5}"
EndProject
Global
	GlobalSection(SolutionConfigurationPlatforms) = preSolution
		Debug|Any CPU = Debug|Any CPU
		Release|Any CPU = Release|Any CPU
	EndGlobalSection
	GlobalSection(ProjectConfigurationPlatforms) = postSolution
		{492825D6-609B-4A25-B233-2885352F9DAA}.Debug|Any CPU.ActiveCfg = Debug|Any CPU
		{492825D6-609B-4A25-B233-2885352F9DAA}.Debug|Any CPU.Build.0 = Debug|Any CPU
		{492825D6-609B-4A25-B233-2885352F9DAA}.Release|Any CPU.ActiveCfg = Release|Any CPU
		{492825D6-609B-4A25-B233-2885352F9DAA}.Release|Any CPU.Build.0 = Release|Any CPU
		{E7B48F96-F738-4BF9-8D16-29584AF8BFC2}.Debug|Any CPU.ActiveCfg = Debug|Any CPU
		{E7B48F96-F738-4BF9-8D16-29584AF8BFC2}.Debug|Any CPU.Build.0 = Debug|Any CPU
		{E7B48F96-F738-4BF9-8D16-29584AF8BFC2}.Release|Any CPU.ActiveCfg = Release|Any CPU
		{E7B48F96-F738-4BF9-8D16-29584AF8BFC2}.Release|Any CPU.Build.0 = Release|Any CPU
		{3DA5C347-8493-418C-ACDD-79FD5E01167D}.Debug|Any CPU.ActiveCfg = Debug|Any CPU
		{3DA5C347-8493-418C-ACDD-79FD5E01167D}.Debug|Any CPU.Build.0 = Debug|Any CPU
		{3DA5C347-8493-418C-ACDD-79FD5E01167D}.Release|Any CPU.ActiveCfg = Release|Any CPU
		{3DA5C347-8493-418C-ACDD-79FD5E01167D}.Release|Any CPU.Build.0 = Release|Any CPU
		{75234E8B-6B55-4DBE-8FE5-2FA9AC193466}.Debug|Any CPU.ActiveCfg = Debug|Any CPU
		{75234E8B-6B55-4DBE-8FE5-2FA9AC193466}.Debug|Any CPU.Build.0 = Debug|Any CPU
		{75234E8B-6B55-4DBE-8FE5-2FA9AC193466}.Release|Any CPU.ActiveCfg = Release|Any CPU
		{75234E8B-6B55-4DBE-8FE5-2FA9AC193466}.Release|Any CPU.Build.0 = Release|Any CPU
		{611A817F-372D-4FD3-AD8F-6164983239D2}.Debug|Any CPU.ActiveCfg = Debug|Any CPU
		{611A817F-372D-4FD3-AD8F-6164983239D2}.Debug|Any CPU.Build.0 = Debug|Any CPU
		{611A817F-372D-4FD3-AD8F-6164983239D2}.Release|Any CPU.ActiveCfg = Release|Any CPU
		{611A817F-372D-4FD3-AD8F-6164983239D2}.Release|Any CPU.Build.0 = Release|Any CPU
		{21C535BA-8104-4259-8115-B6138D75AEB5}.Debug|Any CPU.ActiveCfg = Debug|Any CPU
		{21C535BA-8104-4259-8115-B6138D75AEB5}.Debug|Any CPU.Build.0 = Debug|Any CPU
		{21C535BA-8104-4259-8115-B6138D75AEB5}.Release|Any CPU.ActiveCfg = Release|Any CPU
		{21C535BA-8104-4259-8115-B6138D75AEB5}.Release|Any CPU.Build.0 = Release|Any CPU
	EndGlobalSection
	GlobalSection(SolutionProperties) = preSolution
		HideSolutionNode = FALSE
	EndGlobalSection
	GlobalSection(ExtensibilityGlobals) = postSolution
		SolutionGuid = {4831FD98-9E17-4689-9096-90D18AD7A2E9}
	EndGlobalSection
EndGlobal
